
Microsoft Visual Studio Solution File, Format Version 11.00
# Visual Studio 2010
Project("{FAE04EC0-301F-11D3-BF4B-00C04F79EFBC}") = "PhotonUnityNetworking.Demos", "PhotonUnityNetworking.Demos.csproj", "{5DD10903-6F2E-E4B5-5F43-A83BEE2F3B43}"
EndProject
Project("{FAE04EC0-301F-11D3-BF4B-00C04F79EFBC}") = "PhotonUnityNetworking.Utilities", "PhotonUnityNetworking.Utilities.csproj", "{D5D0E349-4AD0-3776-2B89-27C754DDC50C}"
EndProject
Project("{FAE04EC0-301F-11D3-BF4B-00C04F79EFBC}") = "PhotonChat", "PhotonChat.csproj", "{750FA728-5F80-F2F5-1CC9-F9D618309D11}"
EndProject
Project("{FAE04EC0-301F-11D3-BF4B-00C04F79EFBC}") = "PhotonUnityNetworking", "PhotonUnityNetworking.csproj", "{F457D075-E0E6-2CF0-B7F0-371A1CA65EA1}"
EndProject
Project("{FAE04EC0-301F-11D3-BF4B-00C04F79EFBC}") = "Assembly-CSharp", "Assembly-CSharp.csproj", "{E71639D4-B685-F1E1-F08A-1BF3DB9E4657}"
EndProject
Project("{FAE04EC0-301F-11D3-BF4B-00C04F79EFBC}") = "PhotonRealtime", "PhotonRealtime.csproj", "{5DF4D4FB-9C2A-311C-85B2-43222BBE7FE0}"
EndProject
Project("{FAE04EC0-301F-11D3-BF4B-00C04F79EFBC}") = "PhotonWebSocket", "PhotonWebSocket.csproj", "{18D45588-7318-1937-43DF-294AAEB99760}"
EndProject
Project("{FAE04EC0-301F-11D3-BF4B-00C04F79EFBC}") = "PhotonUnityNetworking.Editor", "PhotonUnityNetworking.Editor.csproj", "{0D669022-F59A-D8DB-C7A9-7E39AB4DE151}"
EndProject
Project("{FAE04EC0-301F-11D3-BF4B-00C04F79EFBC}") = "PunDemos.DemoHubEditor", "PunDemos.DemoHubEditor.csproj", "{B58137DD-F0D0-F7FB-C204-2AF9D0638022}"
EndProject
Project("{FAE04EC0-301F-11D3-BF4B-00C04F79EFBC}") = "PhotonUnityNetworking.Utilities.PhotonPlayer.Editor", "PhotonUnityNetworking.Utilities.PhotonPlayer.Editor.csproj", "{493B8802-5170-8616-2EC3-3C5E13A1D659}"
EndProject
Project("{FAE04EC0-301F-11D3-BF4B-00C04F79EFBC}") = "PhotonUnityNetworking.Utilities.Culling.Editor", "PhotonUnityNetworking.Utilities.Culling.Editor.csproj", "{D5013653-7706-4597-0E1F-588568F98591}"
EndProject
Project("{FAE04EC0-301F-11D3-BF4B-00C04F79EFBC}") = "PunDemos.DemoSlotcarEditor", "PunDemos.DemoSlotcarEditor.csproj", "{2C0F80DD-06A3-E7FC-30FA-3B7925043989}"
EndProject
Global
	GlobalSection(SolutionConfigurationPlatforms) = preSolution
		Debug|Any CPU = Debug|Any CPU
		Release|Any CPU = Release|Any CPU
	EndGlobalSection
	GlobalSection(ProjectConfigurationPlatforms) = postSolution
		{5DD10903-6F2E-E4B5-5F43-A83BEE2F3B43}.Debug|Any CPU.ActiveCfg = Debug|Any CPU
		{5DD10903-6F2E-E4B5-5F43-A83BEE2F3B43}.Debug|Any CPU.Build.0 = Debug|Any CPU
		{5DD10903-6F2E-E4B5-5F43-A83BEE2F3B43}.Release|Any CPU.ActiveCfg = Release|Any CPU
		{5DD10903-6F2E-E4B5-5F43-A83BEE2F3B43}.Release|Any CPU.Build.0 = Release|Any CPU
		{D5D0E349-4AD0-3776-2B89-27C754DDC50C}.Debug|Any CPU.ActiveCfg = Debug|Any CPU
		{D5D0E349-4AD0-3776-2B89-27C754DDC50C}.Debug|Any CPU.Build.0 = Debug|Any CPU
		{D5D0E349-4AD0-3776-2B89-27C754DDC50C}.Release|Any CPU.ActiveCfg = Release|Any CPU
		{D5D0E349-4AD0-3776-2B89-27C754DDC50C}.Release|Any CPU.Build.0 = Release|Any CPU
		{750FA728-5F80-F2F5-1CC9-F9D618309D11}.Debug|Any CPU.ActiveCfg = Debug|Any CPU
		{750FA728-5F80-F2F5-1CC9-F9D618309D11}.Debug|Any CPU.Build.0 = Debug|Any CPU
		{750FA728-5F80-F2F5-1CC9-F9D618309D11}.Release|Any CPU.ActiveCfg = Release|Any CPU
		{750FA728-5F80-F2F5-1CC9-F9D618309D11}.Release|Any CPU.Build.0 = Release|Any CPU
		{F457D075-E0E6-2CF0-B7F0-371A1CA65EA1}.Debug|Any CPU.ActiveCfg = Debug|Any CPU
		{F457D075-E0E6-2CF0-B7F0-371A1CA65EA1}.Debug|Any CPU.Build.0 = Debug|Any CPU
		{F457D075-E0E6-2CF0-B7F0-371A1CA65EA1}.Release|Any CPU.ActiveCfg = Release|Any CPU
		{F457D075-E0E6-2CF0-B7F0-371A1CA65EA1}.Release|Any CPU.Build.0 = Release|Any CPU
		{E71639D4-B685-F1E1-F08A-1BF3DB9E4657}.Debug|Any CPU.ActiveCfg = Debug|Any CPU
		{E71639D4-B685-F1E1-F08A-1BF3DB9E4657}.Debug|Any CPU.Build.0 = Debug|Any CPU
		{E71639D4-B685-F1E1-F08A-1BF3DB9E4657}.Release|Any CPU.ActiveCfg = Release|Any CPU
		{E71639D4-B685-F1E1-F08A-1BF3DB9E4657}.Release|Any CPU.Build.0 = Release|Any CPU
		{5DF4D4FB-9C2A-311C-85B2-43222BBE7FE0}.Debug|Any CPU.ActiveCfg = Debug|Any CPU
		{5DF4D4FB-9C2A-311C-85B2-43222BBE7FE0}.Debug|Any CPU.Build.0 = Debug|Any CPU
		{5DF4D4FB-9C2A-311C-85B2-43222BBE7FE0}.Release|Any CPU.ActiveCfg = Release|Any CPU
		{5DF4D4FB-9C2A-311C-85B2-43222BBE7FE0}.Release|Any CPU.Build.0 = Release|Any CPU
		{18D45588-7318-1937-43DF-294AAEB99760}.Debug|Any CPU.ActiveCfg = Debug|Any CPU
		{18D45588-7318-1937-43DF-294AAEB99760}.Debug|Any CPU.Build.0 = Debug|Any CPU
		{18D45588-7318-1937-43DF-294AAEB99760}.Release|Any CPU.ActiveCfg = Release|Any CPU
		{18D45588-7318-1937-43DF-294AAEB99760}.Release|Any CPU.Build.0 = Release|Any CPU
		{0D669022-F59A-D8DB-C7A9-7E39AB4DE151}.Debug|Any CPU.ActiveCfg = Debug|Any CPU
		{0D669022-F59A-D8DB-C7A9-7E39AB4DE151}.Debug|Any CPU.Build.0 = Debug|Any CPU
		{0D669022-F59A-D8DB-C7A9-7E39AB4DE151}.Release|Any CPU.ActiveCfg = Release|Any CPU
		{0D669022-F59A-D8DB-C7A9-7E39AB4DE151}.Release|Any CPU.Build.0 = Release|Any CPU
		{B58137DD-F0D0-F7FB-C204-2AF9D0638022}.Debug|Any CPU.ActiveCfg = Debug|Any CPU
		{B58137DD-F0D0-F7FB-C204-2AF9D0638022}.Debug|Any CPU.Build.0 = Debug|Any CPU
		{B58137DD-F0D0-F7FB-C204-2AF9D0638022}.Release|Any CPU.ActiveCfg = Release|Any CPU
		{B58137DD-F0D0-F7FB-C204-2AF9D0638022}.Release|Any CPU.Build.0 = Release|Any CPU
		{493B8802-5170-8616-2EC3-3C5E13A1D659}.Debug|Any CPU.ActiveCfg = Debug|Any CPU
		{493B8802-5170-8616-2EC3-3C5E13A1D659}.Debug|Any CPU.Build.0 = Debug|Any CPU
		{493B8802-5170-8616-2EC3-3C5E13A1D659}.Release|Any CPU.ActiveCfg = Release|Any CPU
		{493B8802-5170-8616-2EC3-3C5E13A1D659}.Release|Any CPU.Build.0 = Release|Any CPU
		{D5013653-7706-4597-0E1F-588568F98591}.Debug|Any CPU.ActiveCfg = Debug|Any CPU
		{D5013653-7706-4597-0E1F-588568F98591}.Debug|Any CPU.Build.0 = Debug|Any CPU
		{D5013653-7706-4597-0E1F-588568F98591}.Release|Any CPU.ActiveCfg = Release|Any CPU
		{D5013653-7706-4597-0E1F-588568F98591}.Release|Any CPU.Build.0 = Release|Any CPU
		{2C0F80DD-06A3-E7FC-30FA-3B7925043989}.Debug|Any CPU.ActiveCfg = Debug|Any CPU
		{2C0F80DD-06A3-E7FC-30FA-3B7925043989}.Debug|Any CPU.Build.0 = Debug|Any CPU
		{2C0F80DD-06A3-E7FC-30FA-3B7925043989}.Release|Any CPU.ActiveCfg = Release|Any CPU
		{2C0F80DD-06A3-E7FC-30FA-3B7925043989}.Release|Any CPU.Build.0 = Release|Any CPU
	EndGlobalSection
	GlobalSection(SolutionProperties) = preSolution
		HideSolutionNode = FALSE
	EndGlobalSection
EndGlobal
